// !$*UTF8*$!
{
	archiveVersion = 1;
	classes = {
	};
	objectVersion = 46;
	objects = {

/* Begin PBXBuildFile section */
		B94ADEDB18D51B8A00B05BC1 /* Foundation.framework in Frameworks */ = {isa = PBXBuildFile; fileRef = B94ADEDA18D51B8A00B05BC1 /* Foundation.framework */; };
		B94ADEDD18D51B8A00B05BC1 /* CoreGraphics.framework in Frameworks */ = {isa = PBXBuildFile; fileRef = B94ADEDC18D51B8A00B05BC1 /* CoreGraphics.framework */; };
		B94ADEDF18D51B8A00B05BC1 /* UIKit.framework in Frameworks */ = {isa = PBXBuildFile; fileRef = B94ADEDE18D51B8A00B05BC1 /* UIKit.framework */; };
		B94ADEE518D51B8A00B05BC1 /* InfoPlist.strings in Resources */ = {isa = PBXBuildFile; fileRef = B94ADEE318D51B8A00B05BC1 /* InfoPlist.strings */; };
		B94ADEE718D51B8A00B05BC1 /* main.m in Sources */ = {isa = PBXBuildFile; fileRef = B94ADEE618D51B8A00B05BC1 /* main.m */; };
		B94ADEEB18D51B8A00B05BC1 /* JMMAppDelegate.m in Sources */ = {isa = PBXBuildFile; fileRef = B94ADEEA18D51B8A00B05BC1 /* JMMAppDelegate.m */; };
		B94ADEF118D51B8A00B05BC1 /* JMMViewController.m in Sources */ = {isa = PBXBuildFile; fileRef = B94ADEF018D51B8A00B05BC1 /* JMMViewController.m */; };
		B94ADEF318D51B8A00B05BC1 /* Images.xcassets in Resources */ = {isa = PBXBuildFile; fileRef = B94ADEF218D51B8A00B05BC1 /* Images.xcassets */; };
		B94ADEFA18D51B8A00B05BC1 /* XCTest.framework in Frameworks */ = {isa = PBXBuildFile; fileRef = B94ADEF918D51B8A00B05BC1 /* XCTest.framework */; };
		B94ADEFB18D51B8A00B05BC1 /* Foundation.framework in Frameworks */ = {isa = PBXBuildFile; fileRef = B94ADEDA18D51B8A00B05BC1 /* Foundation.framework */; };
		B94ADEFC18D51B8A00B05BC1 /* UIKit.framework in Frameworks */ = {isa = PBXBuildFile; fileRef = B94ADEDE18D51B8A00B05BC1 /* UIKit.framework */; };
		B94ADF0418D51B8A00B05BC1 /* InfoPlist.strings in Resources */ = {isa = PBXBuildFile; fileRef = B94ADF0218D51B8A00B05BC1 /* InfoPlist.strings */; };
		B94ADF0618D51B8A00B05BC1 /* WineCatalogAppAgboTests.m in Sources */ = {isa = PBXBuildFile; fileRef = B94ADF0518D51B8A00B05BC1 /* WineCatalogAppAgboTests.m */; };
		B94ADF1118D51D2000B05BC1 /* JMMWineModel.m in Sources */ = {isa = PBXBuildFile; fileRef = B94ADF1018D51D2000B05BC1 /* JMMWineModel.m */; };
		B94ADF1618D5258600B05BC1 /* JMMWineViewController.m in Sources */ = {isa = PBXBuildFile; fileRef = B94ADF1418D5258600B05BC1 /* JMMWineViewController.m */; };
		B94ADF1718D5258600B05BC1 /* JMMWineViewController.xib in Resources */ = {isa = PBXBuildFile; fileRef = B94ADF1518D5258600B05BC1 /* JMMWineViewController.xib */; };
		B9802E9D18D5CF2500D815AA /* JMMWineWebViewController.m in Sources */ = {isa = PBXBuildFile; fileRef = B9802E9B18D5CF2500D815AA /* JMMWineWebViewController.m */; };
		B9802E9E18D5CF2500D815AA /* JMMWineWebViewController.xib in Resources */ = {isa = PBXBuildFile; fileRef = B9802E9C18D5CF2500D815AA /* JMMWineWebViewController.xib */; };
		B9802EA318D5D31300D815AA /* comtesDeChampagne.jpg in Resources */ = {isa = PBXBuildFile; fileRef = B9802E9F18D5D31300D815AA /* comtesDeChampagne.jpg */; };
		B9802EA418D5D31300D815AA /* zarate.gif in Resources */ = {isa = PBXBuildFile; fileRef = B9802EA018D5D31300D815AA /* zarate.gif */; };
		B9802EA518D5D31300D815AA /* bembibre.jpg in Resources */ = {isa = PBXBuildFile; fileRef = B9802EA118D5D31300D815AA /* bembibre.jpg */; };
		B9802EA618D5D31300D815AA /* splitView_score_glass@2x.png in Resources */ = {isa = PBXBuildFile; fileRef = B9802EA218D5D31300D815AA /* splitView_score_glass@2x.png */; };
/* End PBXBuildFile section */

/* Begin PBXContainerItemProxy section */
		B94ADEFD18D51B8A00B05BC1 /* PBXContainerItemProxy */ = {
			isa = PBXContainerItemProxy;
			containerPortal = B94ADECF18D51B8A00B05BC1 /* Project object */;
			proxyType = 1;
			remoteGlobalIDString = B94ADED618D51B8A00B05BC1;
			remoteInfo = WineCatalogAppAgbo;
		};
/* End PBXContainerItemProxy section */

/* Begin PBXFileReference section */
		B94ADED718D51B8A00B05BC1 /* WineCatalogAppAgbo.app */ = {isa = PBXFileReference; explicitFileType = wrapper.application; includeInIndex = 0; path = WineCatalogAppAgbo.app; sourceTree = BUILT_PRODUCTS_DIR; };
		B94ADEDA18D51B8A00B05BC1 /* Foundation.framework */ = {isa = PBXFileReference; lastKnownFileType = wrapper.framework; name = Foundation.framework; path = System/Library/Frameworks/Foundation.framework; sourceTree = SDKROOT; };
		B94ADEDC18D51B8A00B05BC1 /* CoreGraphics.framework */ = {isa = PBXFileReference; lastKnownFileType = wrapper.framework; name = CoreGraphics.framework; path = System/Library/Frameworks/CoreGraphics.framework; sourceTree = SDKROOT; };
		B94ADEDE18D51B8A00B05BC1 /* UIKit.framework */ = {isa = PBXFileReference; lastKnownFileType = wrapper.framework; name = UIKit.framework; path = System/Library/Frameworks/UIKit.framework; sourceTree = SDKROOT; };
		B94ADEE218D51B8A00B05BC1 /* WineCatalogAppAgbo-Info.plist */ = {isa = PBXFileReference; lastKnownFileType = text.plist.xml; path = "WineCatalogAppAgbo-Info.plist"; sourceTree = "<group>"; };
		B94ADEE418D51B8A00B05BC1 /* en */ = {isa = PBXFileReference; lastKnownFileType = text.plist.strings; name = en; path = en.lproj/InfoPlist.strings; sourceTree = "<group>"; };
		B94ADEE618D51B8A00B05BC1 /* main.m */ = {isa = PBXFileReference; lastKnownFileType = sourcecode.c.objc; path = main.m; sourceTree = "<group>"; };
		B94ADEE818D51B8A00B05BC1 /* WineCatalogAppAgbo-Prefix.pch */ = {isa = PBXFileReference; lastKnownFileType = sourcecode.c.h; path = "WineCatalogAppAgbo-Prefix.pch"; sourceTree = "<group>"; };
		B94ADEE918D51B8A00B05BC1 /* JMMAppDelegate.h */ = {isa = PBXFileReference; lastKnownFileType = sourcecode.c.h; path = JMMAppDelegate.h; sourceTree = "<group>"; };
		B94ADEEA18D51B8A00B05BC1 /* JMMAppDelegate.m */ = {isa = PBXFileReference; lastKnownFileType = sourcecode.c.objc; path = JMMAppDelegate.m; sourceTree = "<group>"; };
		B94ADEEF18D51B8A00B05BC1 /* JMMViewController.h */ = {isa = PBXFileReference; lastKnownFileType = sourcecode.c.h; path = JMMViewController.h; sourceTree = "<group>"; };
		B94ADEF018D51B8A00B05BC1 /* JMMViewController.m */ = {isa = PBXFileReference; lastKnownFileType = sourcecode.c.objc; path = JMMViewController.m; sourceTree = "<group>"; };
		B94ADEF218D51B8A00B05BC1 /* Images.xcassets */ = {isa = PBXFileReference; lastKnownFileType = folder.assetcatalog; path = Images.xcassets; sourceTree = "<group>"; };
		B94ADEF818D51B8A00B05BC1 /* WineCatalogAppAgboTests.xctest */ = {isa = PBXFileReference; explicitFileType = wrapper.cfbundle; includeInIndex = 0; path = WineCatalogAppAgboTests.xctest; sourceTree = BUILT_PRODUCTS_DIR; };
		B94ADEF918D51B8A00B05BC1 /* XCTest.framework */ = {isa = PBXFileReference; lastKnownFileType = wrapper.framework; name = XCTest.framework; path = Library/Frameworks/XCTest.framework; sourceTree = DEVELOPER_DIR; };
		B94ADF0118D51B8A00B05BC1 /* WineCatalogAppAgboTests-Info.plist */ = {isa = PBXFileReference; lastKnownFileType = text.plist.xml; path = "WineCatalogAppAgboTests-Info.plist"; sourceTree = "<group>"; };
		B94ADF0318D51B8A00B05BC1 /* en */ = {isa = PBXFileReference; lastKnownFileType = text.plist.strings; name = en; path = en.lproj/InfoPlist.strings; sourceTree = "<group>"; };
		B94ADF0518D51B8A00B05BC1 /* WineCatalogAppAgboTests.m */ = {isa = PBXFileReference; lastKnownFileType = sourcecode.c.objc; path = WineCatalogAppAgboTests.m; sourceTree = "<group>"; };
		B94ADF0F18D51D2000B05BC1 /* JMMWineModel.h */ = {isa = PBXFileReference; fileEncoding = 4; lastKnownFileType = sourcecode.c.h; path = JMMWineModel.h; sourceTree = "<group>"; };
		B94ADF1018D51D2000B05BC1 /* JMMWineModel.m */ = {isa = PBXFileReference; fileEncoding = 4; lastKnownFileType = sourcecode.c.objc; path = JMMWineModel.m; sourceTree = "<group>"; };
		B94ADF1318D5258600B05BC1 /* JMMWineViewController.h */ = {isa = PBXFileReference; fileEncoding = 4; lastKnownFileType = sourcecode.c.h; path = JMMWineViewController.h; sourceTree = "<group>"; };
		B94ADF1418D5258600B05BC1 /* JMMWineViewController.m */ = {isa = PBXFileReference; fileEncoding = 4; lastKnownFileType = sourcecode.c.objc; path = JMMWineViewController.m; sourceTree = "<group>"; };
		B94ADF1518D5258600B05BC1 /* JMMWineViewController.xib */ = {isa = PBXFileReference; fileEncoding = 4; lastKnownFileType = file.xib; path = JMMWineViewController.xib; sourceTree = "<group>"; };
		B9802E9A18D5CF2500D815AA /* JMMWineWebViewController.h */ = {isa = PBXFileReference; fileEncoding = 4; lastKnownFileType = sourcecode.c.h; path = JMMWineWebViewController.h; sourceTree = "<group>"; };
		B9802E9B18D5CF2500D815AA /* JMMWineWebViewController.m */ = {isa = PBXFileReference; fileEncoding = 4; lastKnownFileType = sourcecode.c.objc; path = JMMWineWebViewController.m; sourceTree = "<group>"; };
		B9802E9C18D5CF2500D815AA /* JMMWineWebViewController.xib */ = {isa = PBXFileReference; fileEncoding = 4; lastKnownFileType = file.xib; path = JMMWineWebViewController.xib; sourceTree = "<group>"; };
		B9802E9F18D5D31300D815AA /* comtesDeChampagne.jpg */ = {isa = PBXFileReference; lastKnownFileType = image.jpeg; path = comtesDeChampagne.jpg; sourceTree = "<group>"; };
		B9802EA018D5D31300D815AA /* zarate.gif */ = {isa = PBXFileReference; lastKnownFileType = image.gif; path = zarate.gif; sourceTree = "<group>"; };
		B9802EA118D5D31300D815AA /* bembibre.jpg */ = {isa = PBXFileReference; lastKnownFileType = image.jpeg; path = bembibre.jpg; sourceTree = "<group>"; };
		B9802EA218D5D31300D815AA /* splitView_score_glass@2x.png */ = {isa = PBXFileReference; lastKnownFileType = image.png; path = "splitView_score_glass@2x.png"; sourceTree = "<group>"; };
/* End PBXFileReference section */

/* Begin PBXFrameworksBuildPhase section */
		B94ADED418D51B8A00B05BC1 /* Frameworks */ = {
			isa = PBXFrameworksBuildPhase;
			buildActionMask = 2147483647;
			files = (
				B94ADEDD18D51B8A00B05BC1 /* CoreGraphics.framework in Frameworks */,
				B94ADEDF18D51B8A00B05BC1 /* UIKit.framework in Frameworks */,
				B94ADEDB18D51B8A00B05BC1 /* Foundation.framework in Frameworks */,
			);
			runOnlyForDeploymentPostprocessing = 0;
		};
		B94ADEF518D51B8A00B05BC1 /* Frameworks */ = {
			isa = PBXFrameworksBuildPhase;
			buildActionMask = 2147483647;
			files = (
				B94ADEFA18D51B8A00B05BC1 /* XCTest.framework in Frameworks */,
				B94ADEFC18D51B8A00B05BC1 /* UIKit.framework in Frameworks */,
				B94ADEFB18D51B8A00B05BC1 /* Foundation.framework in Frameworks */,
			);
			runOnlyForDeploymentPostprocessing = 0;
		};
/* End PBXFrameworksBuildPhase section */

/* Begin PBXGroup section */
		B94ADECE18D51B8A00B05BC1 = {
			isa = PBXGroup;
			children = (
				B94ADF1818D5258B00B05BC1 /* WineController */,
				B94ADF1218D51D6900B05BC1 /* WineModel */,
				B94ADEE018D51B8A00B05BC1 /* WineCatalogAppAgbo */,
				B94ADEFF18D51B8A00B05BC1 /* WineCatalogAppAgboTests */,
				B94ADED918D51B8A00B05BC1 /* Frameworks */,
				B94ADED818D51B8A00B05BC1 /* Products */,
			);
			sourceTree = "<group>";
		};
		B94ADED818D51B8A00B05BC1 /* Products */ = {
			isa = PBXGroup;
			children = (
				B94ADED718D51B8A00B05BC1 /* WineCatalogAppAgbo.app */,
				B94ADEF818D51B8A00B05BC1 /* WineCatalogAppAgboTests.xctest */,
			);
			name = Products;
			sourceTree = "<group>";
		};
		B94ADED918D51B8A00B05BC1 /* Frameworks */ = {
			isa = PBXGroup;
			children = (
				B94ADEDA18D51B8A00B05BC1 /* Foundation.framework */,
				B94ADEDC18D51B8A00B05BC1 /* CoreGraphics.framework */,
				B94ADEDE18D51B8A00B05BC1 /* UIKit.framework */,
				B94ADEF918D51B8A00B05BC1 /* XCTest.framework */,
			);
			name = Frameworks;
			sourceTree = "<group>";
		};
		B94ADEE018D51B8A00B05BC1 /* WineCatalogAppAgbo */ = {
			isa = PBXGroup;
			children = (
				B94ADEE918D51B8A00B05BC1 /* JMMAppDelegate.h */,
				B94ADEEA18D51B8A00B05BC1 /* JMMAppDelegate.m */,
				B94ADEEF18D51B8A00B05BC1 /* JMMViewController.h */,
				B94ADEF018D51B8A00B05BC1 /* JMMViewController.m */,
				B94ADEF218D51B8A00B05BC1 /* Images.xcassets */,
				B9802E9F18D5D31300D815AA /* comtesDeChampagne.jpg */,
				B9802EA018D5D31300D815AA /* zarate.gif */,
				B9802EA118D5D31300D815AA /* bembibre.jpg */,
				B9802EA218D5D31300D815AA /* splitView_score_glass@2x.png */,
				B94ADEE118D51B8A00B05BC1 /* Supporting Files */,
			);
			path = WineCatalogAppAgbo;
			sourceTree = "<group>";
		};
		B94ADEE118D51B8A00B05BC1 /* Supporting Files */ = {
			isa = PBXGroup;
			children = (
				B94ADEE218D51B8A00B05BC1 /* WineCatalogAppAgbo-Info.plist */,
				B94ADEE318D51B8A00B05BC1 /* InfoPlist.strings */,
				B94ADEE618D51B8A00B05BC1 /* main.m */,
				B94ADEE818D51B8A00B05BC1 /* WineCatalogAppAgbo-Prefix.pch */,
			);
			name = "Supporting Files";
			sourceTree = "<group>";
		};
		B94ADEFF18D51B8A00B05BC1 /* WineCatalogAppAgboTests */ = {
			isa = PBXGroup;
			children = (
				B94ADF0518D51B8A00B05BC1 /* WineCatalogAppAgboTests.m */,
				B94ADF0018D51B8A00B05BC1 /* Supporting Files */,
			);
			path = WineCatalogAppAgboTests;
			sourceTree = "<group>";
		};
		B94ADF0018D51B8A00B05BC1 /* Supporting Files */ = {
			isa = PBXGroup;
			children = (
				B94ADF0118D51B8A00B05BC1 /* WineCatalogAppAgboTests-Info.plist */,
				B94ADF0218D51B8A00B05BC1 /* InfoPlist.strings */,
			);
			name = "Supporting Files";
			sourceTree = "<group>";
		};
		B94ADF1218D51D6900B05BC1 /* WineModel */ = {
			isa = PBXGroup;
			children = (
				B94ADF0F18D51D2000B05BC1 /* JMMWineModel.h */,
				B94ADF1018D51D2000B05BC1 /* JMMWineModel.m */,
			);
			name = WineModel;
			sourceTree = "<group>";
		};
		B94ADF1818D5258B00B05BC1 /* WineController */ = {
			isa = PBXGroup;
			children = (
				B9802E9A18D5CF2500D815AA /* JMMWineWebViewController.h */,
				B9802E9B18D5CF2500D815AA /* JMMWineWebViewController.m */,
				B9802E9C18D5CF2500D815AA /* JMMWineWebViewController.xib */,
				B94ADF1318D5258600B05BC1 /* JMMWineViewController.h */,
				B94ADF1418D5258600B05BC1 /* JMMWineViewController.m */,
				B94ADF1518D5258600B05BC1 /* JMMWineViewController.xib */,
			);
			name = WineController;
			sourceTree = "<group>";
		};
/* End PBXGroup section */

/* Begin PBXNativeTarget section */
		B94ADED618D51B8A00B05BC1 /* WineCatalogAppAgbo */ = {
			isa = PBXNativeTarget;
			buildConfigurationList = B94ADF0918D51B8B00B05BC1 /* Build configuration list for PBXNativeTarget "WineCatalogAppAgbo" */;
			buildPhases = (
				B94ADED318D51B8A00B05BC1 /* Sources */,
				B94ADED418D51B8A00B05BC1 /* Frameworks */,
				B94ADED518D51B8A00B05BC1 /* Resources */,
			);
			buildRules = (
			);
			dependencies = (
			);
			name = WineCatalogAppAgbo;
			productName = WineCatalogAppAgbo;
			productReference = B94ADED718D51B8A00B05BC1 /* WineCatalogAppAgbo.app */;
			productType = "com.apple.product-type.application";
		};
		B94ADEF718D51B8A00B05BC1 /* WineCatalogAppAgboTests */ = {
			isa = PBXNativeTarget;
			buildConfigurationList = B94ADF0C18D51B8B00B05BC1 /* Build configuration list for PBXNativeTarget "WineCatalogAppAgboTests" */;
			buildPhases = (
				B94ADEF418D51B8A00B05BC1 /* Sources */,
				B94ADEF518D51B8A00B05BC1 /* Frameworks */,
				B94ADEF618D51B8A00B05BC1 /* Resources */,
			);
			buildRules = (
			);
			dependencies = (
				B94ADEFE18D51B8A00B05BC1 /* PBXTargetDependency */,
			);
			name = WineCatalogAppAgboTests;
			productName = WineCatalogAppAgboTests;
			productReference = B94ADEF818D51B8A00B05BC1 /* WineCatalogAppAgboTests.xctest */;
			productType = "com.apple.product-type.bundle.unit-test";
		};
/* End PBXNativeTarget section */

/* Begin PBXProject section */
		B94ADECF18D51B8A00B05BC1 /* Project object */ = {
			isa = PBXProject;
			attributes = {
				CLASSPREFIX = JMM;
				LastUpgradeCheck = 0500;
				ORGANIZATIONNAME = JuanMorillios;
				TargetAttributes = {
					B94ADEF718D51B8A00B05BC1 = {
						TestTargetID = B94ADED618D51B8A00B05BC1;
					};
				};
			};
			buildConfigurationList = B94ADED218D51B8A00B05BC1 /* Build configuration list for PBXProject "WineCatalogAppAgbo" */;
			compatibilityVersion = "Xcode 3.2";
			developmentRegion = English;
			hasScannedForEncodings = 0;
			knownRegions = (
				en,
				Base,
			);
			mainGroup = B94ADECE18D51B8A00B05BC1;
			productRefGroup = B94ADED818D51B8A00B05BC1 /* Products */;
			projectDirPath = "";
			projectRoot = "";
			targets = (
				B94ADED618D51B8A00B05BC1 /* WineCatalogAppAgbo */,
				B94ADEF718D51B8A00B05BC1 /* WineCatalogAppAgboTests */,
			);
		};
/* End PBXProject section */

/* Begin PBXResourcesBuildPhase section */
		B94ADED518D51B8A00B05BC1 /* Resources */ = {
			isa = PBXResourcesBuildPhase;
			buildActionMask = 2147483647;
			files = (
				B9802EA318D5D31300D815AA /* comtesDeChampagne.jpg in Resources */,
				B94ADF1718D5258600B05BC1 /* JMMWineViewController.xib in Resources */,
				B9802E9E18D5CF2500D815AA /* JMMWineWebViewController.xib in Resources */,
				B9802EA518D5D31300D815AA /* bembibre.jpg in Resources */,
				B94ADEF318D51B8A00B05BC1 /* Images.xcassets in Resources */,
				B9802EA618D5D31300D815AA /* splitView_score_glass@2x.png in Resources */,
				B9802EA418D5D31300D815AA /* zarate.gif in Resources */,
				B94ADEE518D51B8A00B05BC1 /* InfoPlist.strings in Resources */,
			);
			runOnlyForDeploymentPostprocessing = 0;
		};
		B94ADEF618D51B8A00B05BC1 /* Resources */ = {
			isa = PBXResourcesBuildPhase;
			buildActionMask = 2147483647;
			files = (
				B94ADF0418D51B8A00B05BC1 /* InfoPlist.strings in Resources */,
			);
			runOnlyForDeploymentPostprocessing = 0;
		};
/* End PBXResourcesBuildPhase section */

/* Begin PBXSourcesBuildPhase section */
		B94ADED318D51B8A00B05BC1 /* Sources */ = {
			isa = PBXSourcesBuildPhase;
			buildActionMask = 2147483647;
			files = (
				B94ADEE718D51B8A00B05BC1 /* main.m in Sources */,
				B9802E9D18D5CF2500D815AA /* JMMWineWebViewController.m in Sources */,
				B94ADF1118D51D2000B05BC1 /* JMMWineModel.m in Sources */,
				B94ADEEB18D51B8A00B05BC1 /* JMMAppDelegate.m in Sources */,
				B94ADEF118D51B8A00B05BC1 /* JMMViewController.m in Sources */,
				B94ADF1618D5258600B05BC1 /* JMMWineViewController.m in Sources */,
			);
			runOnlyForDeploymentPostprocessing = 0;
		};
		B94ADEF418D51B8A00B05BC1 /* Sources */ = {
			isa = PBXSourcesBuildPhase;
			buildActionMask = 2147483647;
			files = (
				B94ADF0618D51B8A00B05BC1 /* WineCatalogAppAgboTests.m in Sources */,
			);
			runOnlyForDeploymentPostprocessing = 0;
		};
/* End PBXSourcesBuildPhase section */

/* Begin PBXTargetDependency section */
		B94ADEFE18D51B8A00B05BC1 /* PBXTargetDependency */ = {
			isa = PBXTargetDependency;
			target = B94ADED618D51B8A00B05BC1 /* WineCatalogAppAgbo */;
			targetProxy = B94ADEFD18D51B8A00B05BC1 /* PBXContainerItemProxy */;
		};
/* End PBXTargetDependency section */

/* Begin PBXVariantGroup section */
		B94ADEE318D51B8A00B05BC1 /* InfoPlist.strings */ = {
			isa = PBXVariantGroup;
			children = (
				B94ADEE418D51B8A00B05BC1 /* en */,
			);
			name = InfoPlist.strings;
			sourceTree = "<group>";
		};
		B94ADF0218D51B8A00B05BC1 /* InfoPlist.strings */ = {
			isa = PBXVariantGroup;
			children = (
				B94ADF0318D51B8A00B05BC1 /* en */,
			);
			name = InfoPlist.strings;
			sourceTree = "<group>";
		};
/* End PBXVariantGroup section */

/* Begin XCBuildConfiguration section */
		B94ADF0718D51B8A00B05BC1 /* Debug */ = {
			isa = XCBuildConfiguration;
			buildSettings = {
				ALWAYS_SEARCH_USER_PATHS = NO;
				ARCHS = "$(ARCHS_STANDARD_INCLUDING_64_BIT)";
				CLANG_CXX_LANGUAGE_STANDARD = "gnu++0x";
				CLANG_CXX_LIBRARY = "libc++";
				CLANG_ENABLE_MODULES = YES;
				CLANG_ENABLE_OBJC_ARC = YES;
				CLANG_WARN_BOOL_CONVERSION = YES;
				CLANG_WARN_CONSTANT_CONVERSION = YES;
				CLANG_WARN_DIRECT_OBJC_ISA_USAGE = YES_ERROR;
				CLANG_WARN_EMPTY_BODY = YES;
				CLANG_WARN_ENUM_CONVERSION = YES;
				CLANG_WARN_INT_CONVERSION = YES;
				CLANG_WARN_OBJC_ROOT_CLASS = YES_ERROR;
				CLANG_WARN__DUPLICATE_METHOD_MATCH = YES;
				"CODE_SIGN_IDENTITY[sdk=iphoneos*]" = "iPhone Developer";
				COPY_PHASE_STRIP = NO;
				GCC_C_LANGUAGE_STANDARD = gnu99;
				GCC_DYNAMIC_NO_PIC = NO;
				GCC_OPTIMIZATION_LEVEL = 0;
				GCC_PREPROCESSOR_DEFINITIONS = (
					"DEBUG=1",
					"$(inherited)",
				);
				GCC_SYMBOLS_PRIVATE_EXTERN = NO;
				GCC_WARN_64_TO_32_BIT_CONVERSION = YES;
				GCC_WARN_ABOUT_RETURN_TYPE = YES_ERROR;
				GCC_WARN_UNDECLARED_SELECTOR = YES;
				GCC_WARN_UNINITIALIZED_AUTOS = YES;
				GCC_WARN_UNUSED_FUNCTION = YES;
				GCC_WARN_UNUSED_VARIABLE = YES;
				IPHONEOS_DEPLOYMENT_TARGET = 7.0;
				ONLY_ACTIVE_ARCH = YES;
				SDKROOT = iphoneos;
				TARGETED_DEVICE_FAMILY = 2;
			};
			name = Debug;
		};
		B94ADF0818D51B8A00B05BC1 /* Release */ = {
			isa = XCBuildConfiguration;
			buildSettings = {
				ALWAYS_SEARCH_USER_PATHS = NO;
				ARCHS = "$(ARCHS_STANDARD_INCLUDING_64_BIT)";
				CLANG_CXX_LANGUAGE_STANDARD = "gnu++0x";
				CLANG_CXX_LIBRARY = "libc++";
				CLANG_ENABLE_MODULES = YES;
				CLANG_ENABLE_OBJC_ARC = YES;
				CLANG_WARN_BOOL_CONVERSION = YES;
				CLANG_WARN_CONSTANT_CONVERSION = YES;
				CLANG_WARN_DIRECT_OBJC_ISA_USAGE = YES_ERROR;
				CLANG_WARN_EMPTY_BODY = YES;
				CLANG_WARN_ENUM_CONVERSION = YES;
				CLANG_WARN_INT_CONVERSION = YES;
				CLANG_WARN_OBJC_ROOT_CLASS = YES_ERROR;
				CLANG_WARN__DUPLICATE_METHOD_MATCH = YES;
				"CODE_SIGN_IDENTITY[sdk=iphoneos*]" = "iPhone Developer";
				COPY_PHASE_STRIP = YES;
				ENABLE_NS_ASSERTIONS = NO;
				GCC_C_LANGUAGE_STANDARD = gnu99;
				GCC_WARN_64_TO_32_BIT_CONVERSION = YES;
				GCC_WARN_ABOUT_RETURN_TYPE = YES_ERROR;
				GCC_WARN_UNDECLARED_SELECTOR = YES;
				GCC_WARN_UNINITIALIZED_AUTOS = YES;
				GCC_WARN_UNUSED_FUNCTION = YES;
				GCC_WARN_UNUSED_VARIABLE = YES;
				IPHONEOS_DEPLOYMENT_TARGET = 7.0;
				SDKROOT = iphoneos;
				TARGETED_DEVICE_FAMILY = 2;
				VALIDATE_PRODUCT = YES;
			};
			name = Release;
		};
		B94ADF0A18D51B8B00B05BC1 /* Debug */ = {
			isa = XCBuildConfiguration;
			buildSettings = {
				ASSETCATALOG_COMPILER_APPICON_NAME = AppIcon;
				ASSETCATALOG_COMPILER_LAUNCHIMAGE_NAME = LaunchImage;
				GCC_PRECOMPILE_PREFIX_HEADER = YES;
				GCC_PREFIX_HEADER = "WineCatalogAppAgbo/WineCatalogAppAgbo-Prefix.pch";
				INFOPLIST_FILE = "WineCatalogAppAgbo/WineCatalogAppAgbo-Info.plist";
				PRODUCT_NAME = "$(TARGET_NAME)";
				WRAPPER_EXTENSION = app;
			};
			name = Debug;
		};
		B94ADF0B18D51B8B00B05BC1 /* Release */ = {
			isa = XCBuildConfiguration;
			buildSettings = {
				ASSETCATALOG_COMPILER_APPICON_NAME = AppIcon;
				ASSETCATALOG_COMPILER_LAUNCHIMAGE_NAME = LaunchImage;
				GCC_PRECOMPILE_PREFIX_HEADER = YES;
				GCC_PREFIX_HEADER = "WineCatalogAppAgbo/WineCatalogAppAgbo-Prefix.pch";
				INFOPLIST_FILE = "WineCatalogAppAgbo/WineCatalogAppAgbo-Info.plist";
				PRODUCT_NAME = "$(TARGET_NAME)";
				WRAPPER_EXTENSION = app;
			};
			name = Release;
		};
		B94ADF0D18D51B8B00B05BC1 /* Debug */ = {
			isa = XCBuildConfiguration;
			buildSettings = {
				ARCHS = "$(ARCHS_STANDARD_INCLUDING_64_BIT)";
				BUNDLE_LOADER = "$(BUILT_PRODUCTS_DIR)/WineCatalogAppAgbo.app/WineCatalogAppAgbo";
				FRAMEWORK_SEARCH_PATHS = (
					"$(SDKROOT)/Developer/Library/Frameworks",
					"$(inherited)",
					"$(DEVELOPER_FRAMEWORKS_DIR)",
				);
				GCC_PRECOMPILE_PREFIX_HEADER = YES;
				GCC_PREFIX_HEADER = "WineCatalogAppAgbo/WineCatalogAppAgbo-Prefix.pch";
				GCC_PREPROCESSOR_DEFINITIONS = (
					"DEBUG=1",
					"$(inherited)",
				);
				INFOPLIST_FILE = "WineCatalogAppAgboTests/WineCatalogAppAgboTests-Info.plist";
				PRODUCT_NAME = "$(TARGET_NAME)";
				TEST_HOST = "$(BUNDLE_LOADER)";
				WRAPPER_EXTENSION = xctest;
			};
			name = Debug;
		};
		B94ADF0E18D51B8B00B05BC1 /* Release */ = {
			isa = XCBuildConfiguration;
			buildSettings = {
				ARCHS = "$(ARCHS_STANDARD_INCLUDING_64_BIT)";
				BUNDLE_LOADER = "$(BUILT_PRODUCTS_DIR)/WineCatalogAppAgbo.app/WineCatalogAppAgbo";
				FRAMEWORK_SEARCH_PATHS = (
					"$(SDKROOT)/Developer/Library/Frameworks",
					"$(inherited)",
					"$(DEVELOPER_FRAMEWORKS_DIR)",
				);
				GCC_PRECOMPILE_PREFIX_HEADER = YES;
				GCC_PREFIX_HEADER = "WineCatalogAppAgbo/WineCatalogAppAgbo-Prefix.pch";
				INFOPLIST_FILE = "WineCatalogAppAgboTests/WineCatalogAppAgboTests-Info.plist";
				PRODUCT_NAME = "$(TARGET_NAME)";
				TEST_HOST = "$(BUNDLE_LOADER)";
				WRAPPER_EXTENSION = xctest;
			};
			name = Release;
		};
/* End XCBuildConfiguration section */

/* Begin XCConfigurationList section */
		B94ADED218D51B8A00B05BC1 /* Build configuration list for PBXProject "WineCatalogAppAgbo" */ = {
			isa = XCConfigurationList;
			buildConfigurations = (
				B94ADF0718D51B8A00B05BC1 /* Debug */,
				B94ADF0818D51B8A00B05BC1 /* Release */,
			);
			defaultConfigurationIsVisible = 0;
			defaultConfigurationName = Release;
		};
		B94ADF0918D51B8B00B05BC1 /* Build configuration list for PBXNativeTarget "WineCatalogAppAgbo" */ = {
			isa = XCConfigurationList;
			buildConfigurations = (
				B94ADF0A18D51B8B00B05BC1 /* Debug */,
				B94ADF0B18D51B8B00B05BC1 /* Release */,
			);
			defaultConfigurationIsVisible = 0;
			defaultConfigurationName = Release;
		};
		B94ADF0C18D51B8B00B05BC1 /* Build configuration list for PBXNativeTarget "WineCatalogAppAgboTests" */ = {
			isa = XCConfigurationList;
			buildConfigurations = (
				B94ADF0D18D51B8B00B05BC1 /* Debug */,
				B94ADF0E18D51B8B00B05BC1 /* Release */,
			);
			defaultConfigurationIsVisible = 0;
			defaultConfigurationName = Release;
		};
/* End XCConfigurationList section */
	};
	rootObject = B94ADECF18D51B8A00B05BC1 /* Project object */;
}
